
Microsoft Visual Studio Solution File, Format Version 12.00
# Visual Studio 2013
VisualStudioVersion = 12.0.21005.1
MinimumVisualStudioVersion = 10.0.40219.1
Project("{FAE04EC0-301F-11D3-BF4B-00C04F79EFBC}") = "PolarConverter.BLL", "PolarConverter.BLL\PolarConverter.BLL.csproj", "{B22CD80D-5630-44A6-87F4-1CBB8AD31275}"
EndProject
Project("{FAE04EC0-301F-11D3-BF4B-00C04F79EFBC}") = "PolarConverter.Test", "PolarConverter.Test\PolarConverter.Test.csproj", "{6175550E-89BD-4F54-9DC8-919FC4EAC3DB}"
EndProject
Project("{FAE04EC0-301F-11D3-BF4B-00C04F79EFBC}") = "PolarConverter.MVC", "PolarConverter.MVC\PolarConverter.MVC.csproj", "{CC943D5E-ED2B-49A6-B8B9-96DF66BDFB9C}"
EndProject
Project("{2150E333-8FDC-42A3-9474-1A3956D46DE8}") = ".nuget", ".nuget", "{95B62956-C539-4DD6-864C-72B0F5210887}"
	ProjectSection(SolutionItems) = preProject
		.nuget\NuGet.exe = .nuget\NuGet.exe
		.nuget\NuGet.targets = .nuget\NuGet.targets
	EndProjectSection
EndProject
Project("{FAE04EC0-301F-11D3-BF4B-00C04F79EFBC}") = "PolarConverter.Win", "PolarConverter.Win\PolarConverter.Win.csproj", "{E0B16DA8-56A3-43DB-A364-999FBC3CB7BA}"
EndProject
Project("{FAE04EC0-301F-11D3-BF4B-00C04F79EFBC}") = "PolarConverter.Web", "PolarConverter.Web\PolarConverter.Web.csproj", "{4020A9EF-5541-4E8B-8E18-245B98C40236}"
EndProject
Project("{FAE04EC0-301F-11D3-BF4B-00C04F79EFBC}") = "PolarConverter.JSWeb", "PolarConverter.JSWeb\PolarConverter.JSWeb.csproj", "{D20FBB41-2CCD-4AC6-BC6D-DEDF7FA40D32}"
EndProject
Global
	GlobalSection(SolutionConfigurationPlatforms) = preSolution
		Debug|Any CPU = Debug|Any CPU
		Debug|ARM = Debug|ARM
		Debug|x64 = Debug|x64
		Debug|x86 = Debug|x86
		Release|Any CPU = Release|Any CPU
		Release|ARM = Release|ARM
		Release|x64 = Release|x64
		Release|x86 = Release|x86
	EndGlobalSection
	GlobalSection(ProjectConfigurationPlatforms) = postSolution
		{B22CD80D-5630-44A6-87F4-1CBB8AD31275}.Debug|Any CPU.ActiveCfg = Debug|Any CPU
		{B22CD80D-5630-44A6-87F4-1CBB8AD31275}.Debug|Any CPU.Build.0 = Debug|Any CPU
		{B22CD80D-5630-44A6-87F4-1CBB8AD31275}.Debug|ARM.ActiveCfg = Debug|Any CPU
		{B22CD80D-5630-44A6-87F4-1CBB8AD31275}.Debug|x64.ActiveCfg = Debug|Any CPU
		{B22CD80D-5630-44A6-87F4-1CBB8AD31275}.Debug|x86.ActiveCfg = Debug|Any CPU
		{B22CD80D-5630-44A6-87F4-1CBB8AD31275}.Debug|x86.Build.0 = Debug|Any CPU
		{B22CD80D-5630-44A6-87F4-1CBB8AD31275}.Release|Any CPU.ActiveCfg = Release|Any CPU
		{B22CD80D-5630-44A6-87F4-1CBB8AD31275}.Release|Any CPU.Build.0 = Release|Any CPU
		{B22CD80D-5630-44A6-87F4-1CBB8AD31275}.Release|ARM.ActiveCfg = Release|Any CPU
		{B22CD80D-5630-44A6-87F4-1CBB8AD31275}.Release|x64.ActiveCfg = Release|Any CPU
		{B22CD80D-5630-44A6-87F4-1CBB8AD31275}.Release|x86.ActiveCfg = Release|Any CPU
		{B22CD80D-5630-44A6-87F4-1CBB8AD31275}.Release|x86.Build.0 = Release|Any CPU
		{6175550E-89BD-4F54-9DC8-919FC4EAC3DB}.Debug|Any CPU.ActiveCfg = Debug|Any CPU
		{6175550E-89BD-4F54-9DC8-919FC4EAC3DB}.Debug|Any CPU.Build.0 = Debug|Any CPU
		{6175550E-89BD-4F54-9DC8-919FC4EAC3DB}.Debug|ARM.ActiveCfg = Debug|Any CPU
		{6175550E-89BD-4F54-9DC8-919FC4EAC3DB}.Debug|x64.ActiveCfg = Debug|Any CPU
		{6175550E-89BD-4F54-9DC8-919FC4EAC3DB}.Debug|x86.ActiveCfg = Debug|Any CPU
		{6175550E-89BD-4F54-9DC8-919FC4EAC3DB}.Debug|x86.Build.0 = Debug|Any CPU
		{6175550E-89BD-4F54-9DC8-919FC4EAC3DB}.Release|Any CPU.ActiveCfg = Release|Any CPU
		{6175550E-89BD-4F54-9DC8-919FC4EAC3DB}.Release|Any CPU.Build.0 = Release|Any CPU
		{6175550E-89BD-4F54-9DC8-919FC4EAC3DB}.Release|ARM.ActiveCfg = Release|Any CPU
		{6175550E-89BD-4F54-9DC8-919FC4EAC3DB}.Release|x64.ActiveCfg = Release|Any CPU
		{6175550E-89BD-4F54-9DC8-919FC4EAC3DB}.Release|x86.ActiveCfg = Release|Any CPU
		{6175550E-89BD-4F54-9DC8-919FC4EAC3DB}.Release|x86.Build.0 = Release|Any CPU
		{CC943D5E-ED2B-49A6-B8B9-96DF66BDFB9C}.Debug|Any CPU.ActiveCfg = Debug|Any CPU
		{CC943D5E-ED2B-49A6-B8B9-96DF66BDFB9C}.Debug|Any CPU.Build.0 = Debug|Any CPU
		{CC943D5E-ED2B-49A6-B8B9-96DF66BDFB9C}.Debug|ARM.ActiveCfg = Debug|Any CPU
		{CC943D5E-ED2B-49A6-B8B9-96DF66BDFB9C}.Debug|x64.ActiveCfg = Debug|Any CPU
		{CC943D5E-ED2B-49A6-B8B9-96DF66BDFB9C}.Debug|x86.ActiveCfg = Debug|Any CPU
		{CC943D5E-ED2B-49A6-B8B9-96DF66BDFB9C}.Debug|x86.Build.0 = Debug|Any CPU
		{CC943D5E-ED2B-49A6-B8B9-96DF66BDFB9C}.Release|Any CPU.ActiveCfg = Release|Any CPU
		{CC943D5E-ED2B-49A6-B8B9-96DF66BDFB9C}.Release|Any CPU.Build.0 = Release|Any CPU
		{CC943D5E-ED2B-49A6-B8B9-96DF66BDFB9C}.Release|ARM.ActiveCfg = Release|Any CPU
		{CC943D5E-ED2B-49A6-B8B9-96DF66BDFB9C}.Release|x64.ActiveCfg = Release|Any CPU
		{CC943D5E-ED2B-49A6-B8B9-96DF66BDFB9C}.Release|x86.ActiveCfg = Release|Any CPU
		{CC943D5E-ED2B-49A6-B8B9-96DF66BDFB9C}.Release|x86.Build.0 = Release|Any CPU
		{E0B16DA8-56A3-43DB-A364-999FBC3CB7BA}.Debug|Any CPU.ActiveCfg = Debug|Any CPU
		{E0B16DA8-56A3-43DB-A364-999FBC3CB7BA}.Debug|Any CPU.Build.0 = Debug|Any CPU
		{E0B16DA8-56A3-43DB-A364-999FBC3CB7BA}.Debug|ARM.ActiveCfg = Debug|ARM
		{E0B16DA8-56A3-43DB-A364-999FBC3CB7BA}.Debug|ARM.Build.0 = Debug|ARM
		{E0B16DA8-56A3-43DB-A364-999FBC3CB7BA}.Debug|ARM.Deploy.0 = Debug|ARM
		{E0B16DA8-56A3-43DB-A364-999FBC3CB7BA}.Debug|x64.ActiveCfg = Debug|x64
		{E0B16DA8-56A3-43DB-A364-999FBC3CB7BA}.Debug|x64.Build.0 = Debug|x64
		{E0B16DA8-56A3-43DB-A364-999FBC3CB7BA}.Debug|x64.Deploy.0 = Debug|x64
		{E0B16DA8-56A3-43DB-A364-999FBC3CB7BA}.Debug|x86.ActiveCfg = Debug|x86
		{E0B16DA8-56A3-43DB-A364-999FBC3CB7BA}.Debug|x86.Build.0 = Debug|x86
		{E0B16DA8-56A3-43DB-A364-999FBC3CB7BA}.Debug|x86.Deploy.0 = Debug|x86
		{E0B16DA8-56A3-43DB-A364-999FBC3CB7BA}.Release|Any CPU.ActiveCfg = Release|Any CPU
		{E0B16DA8-56A3-43DB-A364-999FBC3CB7BA}.Release|Any CPU.Build.0 = Release|Any CPU
		{E0B16DA8-56A3-43DB-A364-999FBC3CB7BA}.Release|Any CPU.Deploy.0 = Release|Any CPU
		{E0B16DA8-56A3-43DB-A364-999FBC3CB7BA}.Release|ARM.ActiveCfg = Release|ARM
		{E0B16DA8-56A3-43DB-A364-999FBC3CB7BA}.Release|ARM.Build.0 = Release|ARM
		{E0B16DA8-56A3-43DB-A364-999FBC3CB7BA}.Release|ARM.Deploy.0 = Release|ARM
		{E0B16DA8-56A3-43DB-A364-999FBC3CB7BA}.Release|x64.ActiveCfg = Release|x64
		{E0B16DA8-56A3-43DB-A364-999FBC3CB7BA}.Release|x64.Build.0 = Release|x64
		{E0B16DA8-56A3-43DB-A364-999FBC3CB7BA}.Release|x64.Deploy.0 = Release|x64
		{E0B16DA8-56A3-43DB-A364-999FBC3CB7BA}.Release|x86.ActiveCfg = Release|x86
		{4020A9EF-5541-4E8B-8E18-245B98C40236}.Debug|Any CPU.ActiveCfg = Debug|Any CPU
		{4020A9EF-5541-4E8B-8E18-245B98C40236}.Debug|Any CPU.Build.0 = Debug|Any CPU
		{4020A9EF-5541-4E8B-8E18-245B98C40236}.Debug|ARM.ActiveCfg = Debug|Any CPU
		{4020A9EF-5541-4E8B-8E18-245B98C40236}.Debug|x64.ActiveCfg = Debug|Any CPU
		{4020A9EF-5541-4E8B-8E18-245B98C40236}.Debug|x86.ActiveCfg = Debug|Any CPU
		{4020A9EF-5541-4E8B-8E18-245B98C40236}.Release|Any CPU.ActiveCfg = Release|Any CPU
		{4020A9EF-5541-4E8B-8E18-245B98C40236}.Release|Any CPU.Build.0 = Release|Any CPU
		{4020A9EF-5541-4E8B-8E18-245B98C40236}.Release|ARM.ActiveCfg = Release|Any CPU
		{4020A9EF-5541-4E8B-8E18-245B98C40236}.Release|x64.ActiveCfg = Release|Any CPU
		{4020A9EF-5541-4E8B-8E18-245B98C40236}.Release|x86.ActiveCfg = Release|Any CPU
		{D20FBB41-2CCD-4AC6-BC6D-DEDF7FA40D32}.Debug|Any CPU.ActiveCfg = Debug|Any CPU
		{D20FBB41-2CCD-4AC6-BC6D-DEDF7FA40D32}.Debug|Any CPU.Build.0 = Debug|Any CPU
		{D20FBB41-2CCD-4AC6-BC6D-DEDF7FA40D32}.Debug|ARM.ActiveCfg = Debug|Any CPU
		{D20FBB41-2CCD-4AC6-BC6D-DEDF7FA40D32}.Debug|x64.ActiveCfg = Debug|Any CPU
		{D20FBB41-2CCD-4AC6-BC6D-DEDF7FA40D32}.Debug|x86.ActiveCfg = Debug|Any CPU
		{D20FBB41-2CCD-4AC6-BC6D-DEDF7FA40D32}.Release|Any CPU.ActiveCfg = Release|Any CPU
		{D20FBB41-2CCD-4AC6-BC6D-DEDF7FA40D32}.Release|Any CPU.Build.0 = Release|Any CPU
		{D20FBB41-2CCD-4AC6-BC6D-DEDF7FA40D32}.Release|ARM.ActiveCfg = Release|Any CPU
		{D20FBB41-2CCD-4AC6-BC6D-DEDF7FA40D32}.Release|x64.ActiveCfg = Release|Any CPU
		{D20FBB41-2CCD-4AC6-BC6D-DEDF7FA40D32}.Release|x86.ActiveCfg = Release|Any CPU
	EndGlobalSection
	GlobalSection(SolutionProperties) = preSolution
		HideSolutionNode = FALSE
	EndGlobalSection
EndGlobal
